{
  "version": 4,
  "terraform_version": "1.7.5",
  "serial": 83,
  "lineage": "880c4df3-57d2-425a-d54a-9ca8f0ffca55",
  "outputs": {
    "link": {
      "value": "http://localhost:8080",
      "type": "string"
    }
  },
  "resources": [
    {
      "mode": "managed",
      "type": "docker_config",
      "name": "service_config",
      "provider": "provider[\"registry.terraform.io/kreuzwerker/docker\"]",
      "instances": [
        {
          "schema_version": 0,
          "attributes": {
            "data": "PCFET0NUWVBFIGh0bWw+CjxodG1sPgogICAgPGhlYWQ+CiAgICAgICAgPHRpdGxlPm15IHNpdGU8L3RpdGxlPgogICAgPC9oZWFkPgogICAgPGJvZHk+CiAgICAgICAgPHA+SGVsbG8gZnJvbSBabWlldnNrYWlhIEthdGUuIE15IHNpdGUgYWxyZWFkeSB3b3JraW5nPC9wPgogICAgPC9ib2R5Pgo8L2h0bWw+",
            "id": "8k9kv780wo08w6uktzjjp4sqt",
            "name": "service"
          },
          "sensitive_attributes": [],
          "private": "bnVsbA=="
        }
      ]
    },
    {
      "mode": "managed",
      "type": "docker_image",
      "name": "nginx",
      "provider": "provider[\"registry.terraform.io/kreuzwerker/docker\"]",
      "instances": [
        {
          "schema_version": 0,
          "attributes": {
            "build": [],
            "force_remove": null,
            "id": "sha256:92b11f67642b62bbb98e7e49169c346b30e20cd3c1c034d31087e46924b9312enginx",
            "image_id": "sha256:92b11f67642b62bbb98e7e49169c346b30e20cd3c1c034d31087e46924b9312e",
            "keep_locally": false,
            "name": "nginx",
            "platform": null,
            "pull_triggers": null,
            "repo_digest": "nginx@sha256:6db391d1c0cfb30588ba0bf72ea999404f2764febf0f1f196acd5867ac7efa7e",
            "triggers": null
          },
          "sensitive_attributes": [],
          "private": "bnVsbA=="
        }
      ]
    },
    {
      "mode": "managed",
      "type": "docker_service",
      "name": "service",
      "provider": "provider[\"registry.terraform.io/kreuzwerker/docker\"]",
      "instances": [
        {
          "schema_version": 2,
          "attributes": {
            "auth": [],
            "converge_config": [],
            "endpoint_spec": [
              {
                "mode": "vip",
                "ports": [
                  {
                    "name": "",
                    "protocol": "tcp",
                    "publish_mode": "host",
                    "published_port": 8080,
                    "target_port": 80
                  }
                ]
              }
            ],
            "id": "hse6uz4vwh28gjua3pqsmwz1n",
            "labels": [],
            "mode": [
              {
                "global": false,
                "replicated": [
                  {
                    "replicas": 1
                  }
                ]
              }
            ],
            "name": "fe_service",
            "rollback_config": [],
            "task_spec": [
              {
                "container_spec": [
                  {
                    "args": null,
                    "command": null,
                    "configs": [
                      {
                        "config_id": "8k9kv780wo08w6uktzjjp4sqt",
                        "config_name": "service",
                        "file_gid": "0",
                        "file_mode": 292,
                        "file_name": "/usr/share/nginx/html/index.html",
                        "file_uid": "0"
                      }
                    ],
                    "dir": "",
                    "dns_config": [
                      {
                        "nameservers": null,
                        "options": null,
                        "search": null
                      }
                    ],
                    "env": null,
                    "groups": null,
                    "healthcheck": [
                      {
                        "interval": "0s",
                        "retries": 0,
                        "start_period": "0s",
                        "test": [],
                        "timeout": "0s"
                      }
                    ],
                    "hostname": "",
                    "hosts": [],
                    "image": "sha256:92b11f67642b62bbb98e7e49169c346b30e20cd3c1c034d31087e46924b9312e",
                    "isolation": "default",
                    "labels": [],
                    "mounts": [],
                    "privileges": [],
                    "read_only": false,
                    "secrets": [],
                    "stop_grace_period": "0s",
                    "stop_signal": "",
                    "sysctl": null,
                    "user": ""
                  }
                ],
                "force_update": 0,
                "log_driver": [],
                "networks_advanced": [],
                "placement": [
                  {
                    "constraints": [],
                    "max_replicas": 0,
                    "platforms": [],
                    "prefs": []
                  }
                ],
                "resources": [
                  {
                    "limits": [],
                    "reservation": []
                  }
                ],
                "restart_policy": [
                  {
                    "condition": "any",
                    "delay": "",
                    "max_attempts": 0,
                    "window": ""
                  }
                ],
                "runtime": "container"
              }
            ],
            "update_config": []
          },
          "sensitive_attributes": [],
          "private": "eyJzY2hlbWFfdmVyc2lvbiI6IjIifQ==",
          "dependencies": [
            "docker_config.service_config",
            "docker_image.nginx"
          ]
        }
      ]
    }
  ],
  "check_results": null
}
