{
  "version": 4,
  "terraform_version": "1.7.5",
  "serial": 80,
  "lineage": "880c4df3-57d2-425a-d54a-9ca8f0ffca55",
  "outputs": {},
  "resources": [
    {
      "mode": "managed",
      "type": "docker_image",
      "name": "nginx",
      "provider": "provider[\"registry.terraform.io/kreuzwerker/docker\"]",
      "instances": [
        {
          "schema_version": 0,
          "attributes": {
            "build": [],
            "force_remove": null,
            "id": "sha256:92b11f67642b62bbb98e7e49169c346b30e20cd3c1c034d31087e46924b9312enginx",
            "image_id": "sha256:92b11f67642b62bbb98e7e49169c346b30e20cd3c1c034d31087e46924b9312e",
            "keep_locally": false,
            "name": "nginx",
            "platform": null,
            "pull_triggers": null,
            "repo_digest": "nginx@sha256:6db391d1c0cfb30588ba0bf72ea999404f2764febf0f1f196acd5867ac7efa7e",
            "triggers": null
          },
          "sensitive_attributes": [],
          "private": "bnVsbA=="
        }
      ]
    }
  ],
  "check_results": null
}
